Microsoft Visual Studio Solution File, Format Version 12.00
# Visual Studio Version 17
VisualStudioVersion = 17.12.35323.107
MinimumVisualStudioVersion = 10.0.40219.1
Project("{FAE04EC0-301F-11D3-BF4B-00C04F79EFBC}") = "GLSH", "GLSH\GLSH.csproj", "{247C7106-A405-47A7-93D9-665B2B201009}"
EndProject
Project("{FAE04EC0-301F-11D3-BF4B-00C04F79EFBC}") = "Primitives", "Primitives\Primitives.csproj", "{699D0AC5-1EAD-4B4E-83D5-53E4AED105D1}"
EndProject
Global
	GlobalSection(SolutionConfigurationPlatforms) = preSolution
		Debug|Any CPU = Debug|Any CPU
		Release|Any CPU = Release|Any CPU
	EndGlobalSection
	GlobalSection(ProjectConfigurationPlatforms) = postSolution
		{247C7106-A405-47A7-93D9-665B2B201009}.Debug|Any CPU.ActiveCfg = Debug|Any CPU
		{247C7106-A405-47A7-93D9-665B2B201009}.Debug|Any CPU.Build.0 = Debug|Any CPU
		{247C7106-A405-47A7-93D9-665B2B201009}.Release|Any CPU.ActiveCfg = Release|Any CPU
		{247C7106-A405-47A7-93D9-665B2B201009}.Release|Any CPU.Build.0 = Release|Any CPU
		{699D0AC5-1EAD-4B4E-83D5-53E4AED105D1}.Debug|Any CPU.ActiveCfg = Debug|Any CPU
		{699D0AC5-1EAD-4B4E-83D5-53E4AED105D1}.Debug|Any CPU.Build.0 = Debug|Any CPU
		{699D0AC5-1EAD-4B4E-83D5-53E4AED105D1}.Release|Any CPU.ActiveCfg = Release|Any CPU
		{699D0AC5-1EAD-4B4E-83D5-53E4AED105D1}.Release|Any CPU.Build.0 = Release|Any CPU
	EndGlobalSection
	GlobalSection(SolutionProperties) = preSolution
		HideSolutionNode = FALSE
	EndGlobalSection
	GlobalSection(ExtensibilityGlobals) = postSolution
		SolutionGuid = {18AE1E70-9620-4522-81D2-BF900AA081E8}
	EndGlobalSection
EndGlobal
